
Microsoft Visual Studio Solution File, Format Version 12.00
# Visual Studio Version 17
VisualStudioVersion = 17.4.33103.184
MinimumVisualStudioVersion = 10.0.40219.1
Project("{FAE04EC0-301F-11D3-BF4B-00C04F79EFBC}") = "uri1005", "uri1005\uri1005.csproj", "{C6F592C1-43E4-4FD0-BCEC-108BD691F9A8}"
EndProject
Global
	GlobalSection(SolutionConfigurationPlatforms) = preSolution
		Debug|Any CPU = Debug|Any CPU
		Release|Any CPU = Release|Any CPU
	EndGlobalSection
	GlobalSection(ProjectConfigurationPlatforms) = postSolution
		{C6F592C1-43E4-4FD0-BCEC-108BD691F9A8}.Debug|Any CPU.ActiveCfg = Debug|Any CPU
		{C6F592C1-43E4-4FD0-BCEC-108BD691F9A8}.Debug|Any CPU.Build.0 = Debug|Any CPU
		{C6F592C1-43E4-4FD0-BCEC-108BD691F9A8}.Release|Any CPU.ActiveCfg = Release|Any CPU
		{C6F592C1-43E4-4FD0-BCEC-108BD691F9A8}.Release|Any CPU.Build.0 = Release|Any CPU
	EndGlobalSection
	GlobalSection(SolutionProperties) = preSolution
		HideSolutionNode = FALSE
	EndGlobalSection
	GlobalSection(ExtensibilityGlobals) = postSolution
		SolutionGuid = {7C083245-5612-41B1-82CF-9559DE52C639}
	EndGlobalSection
EndGlobal
