
Microsoft Visual Studio Solution File, Format Version 12.00
# Visual Studio Version 17
VisualStudioVersion = 17.4.33103.184
MinimumVisualStudioVersion = 10.0.40219.1
Project("{FAE04EC0-301F-11D3-BF4B-00C04F79EFBC}") = "uri1042", "uri1042\uri1042.csproj", "{2F88F449-45DD-479A-8EA9-ABFB8DAFD2E2}"
EndProject
Global
	GlobalSection(SolutionConfigurationPlatforms) = preSolution
		Debug|Any CPU = Debug|Any CPU
		Release|Any CPU = Release|Any CPU
	EndGlobalSection
	GlobalSection(ProjectConfigurationPlatforms) = postSolution
		{2F88F449-45DD-479A-8EA9-ABFB8DAFD2E2}.Debug|Any CPU.ActiveCfg = Debug|Any CPU
		{2F88F449-45DD-479A-8EA9-ABFB8DAFD2E2}.Debug|Any CPU.Build.0 = Debug|Any CPU
		{2F88F449-45DD-479A-8EA9-ABFB8DAFD2E2}.Release|Any CPU.ActiveCfg = Release|Any CPU
		{2F88F449-45DD-479A-8EA9-ABFB8DAFD2E2}.Release|Any CPU.Build.0 = Release|Any CPU
	EndGlobalSection
	GlobalSection(SolutionProperties) = preSolution
		HideSolutionNode = FALSE
	EndGlobalSection
	GlobalSection(ExtensibilityGlobals) = postSolution
		SolutionGuid = {3741AB23-3D97-4308-A57F-7A02CB308E8C}
	EndGlobalSection
EndGlobal
