
Microsoft Visual Studio Solution File, Format Version 12.00
# Visual Studio Version 17
VisualStudioVersion = 17.4.33103.184
MinimumVisualStudioVersion = 10.0.40219.1
Project("{FAE04EC0-301F-11D3-BF4B-00C04F79EFBC}") = "uri1113", "uri1113\uri1113.csproj", "{BA365C55-9158-409F-ACAF-4430E6B141C4}"
EndProject
Global
	GlobalSection(SolutionConfigurationPlatforms) = preSolution
		Debug|Any CPU = Debug|Any CPU
		Release|Any CPU = Release|Any CPU
	EndGlobalSection
	GlobalSection(ProjectConfigurationPlatforms) = postSolution
		{BA365C55-9158-409F-ACAF-4430E6B141C4}.Debug|Any CPU.ActiveCfg = Debug|Any CPU
		{BA365C55-9158-409F-ACAF-4430E6B141C4}.Debug|Any CPU.Build.0 = Debug|Any CPU
		{BA365C55-9158-409F-ACAF-4430E6B141C4}.Release|Any CPU.ActiveCfg = Release|Any CPU
		{BA365C55-9158-409F-ACAF-4430E6B141C4}.Release|Any CPU.Build.0 = Release|Any CPU
	EndGlobalSection
	GlobalSection(SolutionProperties) = preSolution
		HideSolutionNode = FALSE
	EndGlobalSection
	GlobalSection(ExtensibilityGlobals) = postSolution
		SolutionGuid = {CCBCADDA-2438-4B08-AB6B-B2A3E4692C44}
	EndGlobalSection
EndGlobal
