
Microsoft Visual Studio Solution File, Format Version 12.00
# Visual Studio Version 17
VisualStudioVersion = 17.4.33103.184
MinimumVisualStudioVersion = 10.0.40219.1
Project("{FAE04EC0-301F-11D3-BF4B-00C04F79EFBC}") = "uri1067", "uri1067\uri1067.csproj", "{A213CD1B-DAE0-4A6F-B19E-D41C3E01CE70}"
EndProject
Global
	GlobalSection(SolutionConfigurationPlatforms) = preSolution
		Debug|Any CPU = Debug|Any CPU
		Release|Any CPU = Release|Any CPU
	EndGlobalSection
	GlobalSection(ProjectConfigurationPlatforms) = postSolution
		{A213CD1B-DAE0-4A6F-B19E-D41C3E01CE70}.Debug|Any CPU.ActiveCfg = Debug|Any CPU
		{A213CD1B-DAE0-4A6F-B19E-D41C3E01CE70}.Debug|Any CPU.Build.0 = Debug|Any CPU
		{A213CD1B-DAE0-4A6F-B19E-D41C3E01CE70}.Release|Any CPU.ActiveCfg = Release|Any CPU
		{A213CD1B-DAE0-4A6F-B19E-D41C3E01CE70}.Release|Any CPU.Build.0 = Release|Any CPU
	EndGlobalSection
	GlobalSection(SolutionProperties) = preSolution
		HideSolutionNode = FALSE
	EndGlobalSection
	GlobalSection(ExtensibilityGlobals) = postSolution
		SolutionGuid = {DF08F0D7-1300-4F3A-9701-100AC01171A2}
	EndGlobalSection
EndGlobal
