
Microsoft Visual Studio Solution File, Format Version 12.00
# Visual Studio Version 17
VisualStudioVersion = 17.4.33103.184
MinimumVisualStudioVersion = 10.0.40219.1
Project("{FAE04EC0-301F-11D3-BF4B-00C04F79EFBC}") = "uri1116", "uri1116\uri1116.csproj", "{3583CAE0-4734-44BA-9E1C-C1BD30F786C0}"
EndProject
Global
	GlobalSection(SolutionConfigurationPlatforms) = preSolution
		Debug|Any CPU = Debug|Any CPU
		Release|Any CPU = Release|Any CPU
	EndGlobalSection
	GlobalSection(ProjectConfigurationPlatforms) = postSolution
		{3583CAE0-4734-44BA-9E1C-C1BD30F786C0}.Debug|Any CPU.ActiveCfg = Debug|Any CPU
		{3583CAE0-4734-44BA-9E1C-C1BD30F786C0}.Debug|Any CPU.Build.0 = Debug|Any CPU
		{3583CAE0-4734-44BA-9E1C-C1BD30F786C0}.Release|Any CPU.ActiveCfg = Release|Any CPU
		{3583CAE0-4734-44BA-9E1C-C1BD30F786C0}.Release|Any CPU.Build.0 = Release|Any CPU
	EndGlobalSection
	GlobalSection(SolutionProperties) = preSolution
		HideSolutionNode = FALSE
	EndGlobalSection
	GlobalSection(ExtensibilityGlobals) = postSolution
		SolutionGuid = {DE65543D-D2C1-4764-A7BD-A5EA71BFDAA4}
	EndGlobalSection
EndGlobal
