
Microsoft Visual Studio Solution File, Format Version 12.00
# Visual Studio Version 17
VisualStudioVersion = 17.4.33103.184
MinimumVisualStudioVersion = 10.0.40219.1
Project("{FAE04EC0-301F-11D3-BF4B-00C04F79EFBC}") = "1097", "1097\1097.csproj", "{601FBE37-7FA2-4D4B-9829-122B9D41C779}"
EndProject
Global
	GlobalSection(SolutionConfigurationPlatforms) = preSolution
		Debug|Any CPU = Debug|Any CPU
		Release|Any CPU = Release|Any CPU
	EndGlobalSection
	GlobalSection(ProjectConfigurationPlatforms) = postSolution
		{601FBE37-7FA2-4D4B-9829-122B9D41C779}.Debug|Any CPU.ActiveCfg = Debug|Any CPU
		{601FBE37-7FA2-4D4B-9829-122B9D41C779}.Debug|Any CPU.Build.0 = Debug|Any CPU
		{601FBE37-7FA2-4D4B-9829-122B9D41C779}.Release|Any CPU.ActiveCfg = Release|Any CPU
		{601FBE37-7FA2-4D4B-9829-122B9D41C779}.Release|Any CPU.Build.0 = Release|Any CPU
	EndGlobalSection
	GlobalSection(SolutionProperties) = preSolution
		HideSolutionNode = FALSE
	EndGlobalSection
	GlobalSection(ExtensibilityGlobals) = postSolution
		SolutionGuid = {0DA9F1F2-C3CD-48F4-9879-096B98D98FD6}
	EndGlobalSection
EndGlobal
