
Microsoft Visual Studio Solution File, Format Version 12.00
# Visual Studio Version 17
VisualStudioVersion = 17.4.33103.184
MinimumVisualStudioVersion = 10.0.40219.1
Project("{FAE04EC0-301F-11D3-BF4B-00C04F79EFBC}") = "uri1041", "uri1041\uri1041.csproj", "{CE6E4CCA-FF8F-4C1A-9DD3-3DE0C00083EB}"
EndProject
Global
	GlobalSection(SolutionConfigurationPlatforms) = preSolution
		Debug|Any CPU = Debug|Any CPU
		Release|Any CPU = Release|Any CPU
	EndGlobalSection
	GlobalSection(ProjectConfigurationPlatforms) = postSolution
		{CE6E4CCA-FF8F-4C1A-9DD3-3DE0C00083EB}.Debug|Any CPU.ActiveCfg = Debug|Any CPU
		{CE6E4CCA-FF8F-4C1A-9DD3-3DE0C00083EB}.Debug|Any CPU.Build.0 = Debug|Any CPU
		{CE6E4CCA-FF8F-4C1A-9DD3-3DE0C00083EB}.Release|Any CPU.ActiveCfg = Release|Any CPU
		{CE6E4CCA-FF8F-4C1A-9DD3-3DE0C00083EB}.Release|Any CPU.Build.0 = Release|Any CPU
	EndGlobalSection
	GlobalSection(SolutionProperties) = preSolution
		HideSolutionNode = FALSE
	EndGlobalSection
	GlobalSection(ExtensibilityGlobals) = postSolution
		SolutionGuid = {EA6746C1-E82E-4742-9D5F-7164638204F6}
	EndGlobalSection
EndGlobal
