
Microsoft Visual Studio Solution File, Format Version 12.00
# Visual Studio Version 17
VisualStudioVersion = 17.4.33103.184
MinimumVisualStudioVersion = 10.0.40219.1
Project("{FAE04EC0-301F-11D3-BF4B-00C04F79EFBC}") = "uri1065", "uri1065\uri1065.csproj", "{00AAAC4F-F583-4F45-A9C5-D4EC461CAB33}"
EndProject
Global
	GlobalSection(SolutionConfigurationPlatforms) = preSolution
		Debug|Any CPU = Debug|Any CPU
		Release|Any CPU = Release|Any CPU
	EndGlobalSection
	GlobalSection(ProjectConfigurationPlatforms) = postSolution
		{00AAAC4F-F583-4F45-A9C5-D4EC461CAB33}.Debug|Any CPU.ActiveCfg = Debug|Any CPU
		{00AAAC4F-F583-4F45-A9C5-D4EC461CAB33}.Debug|Any CPU.Build.0 = Debug|Any CPU
		{00AAAC4F-F583-4F45-A9C5-D4EC461CAB33}.Release|Any CPU.ActiveCfg = Release|Any CPU
		{00AAAC4F-F583-4F45-A9C5-D4EC461CAB33}.Release|Any CPU.Build.0 = Release|Any CPU
	EndGlobalSection
	GlobalSection(SolutionProperties) = preSolution
		HideSolutionNode = FALSE
	EndGlobalSection
	GlobalSection(ExtensibilityGlobals) = postSolution
		SolutionGuid = {2AE3FF3B-26C9-43B6-850A-6E464F790AD6}
	EndGlobalSection
EndGlobal
