
Microsoft Visual Studio Solution File, Format Version 12.00
# Visual Studio Version 17
VisualStudioVersion = 17.4.33103.184
MinimumVisualStudioVersion = 10.0.40219.1
Project("{FAE04EC0-301F-11D3-BF4B-00C04F79EFBC}") = "uri1144", "uri1144\uri1144.csproj", "{75CA6C1C-F246-49B3-B18D-AB6E2DE9F630}"
EndProject
Global
	GlobalSection(SolutionConfigurationPlatforms) = preSolution
		Debug|Any CPU = Debug|Any CPU
		Release|Any CPU = Release|Any CPU
	EndGlobalSection
	GlobalSection(ProjectConfigurationPlatforms) = postSolution
		{75CA6C1C-F246-49B3-B18D-AB6E2DE9F630}.Debug|Any CPU.ActiveCfg = Debug|Any CPU
		{75CA6C1C-F246-49B3-B18D-AB6E2DE9F630}.Debug|Any CPU.Build.0 = Debug|Any CPU
		{75CA6C1C-F246-49B3-B18D-AB6E2DE9F630}.Release|Any CPU.ActiveCfg = Release|Any CPU
		{75CA6C1C-F246-49B3-B18D-AB6E2DE9F630}.Release|Any CPU.Build.0 = Release|Any CPU
	EndGlobalSection
	GlobalSection(SolutionProperties) = preSolution
		HideSolutionNode = FALSE
	EndGlobalSection
	GlobalSection(ExtensibilityGlobals) = postSolution
		SolutionGuid = {B1BABBEE-BC94-4173-981D-C9076CE2869E}
	EndGlobalSection
EndGlobal
