
Microsoft Visual Studio Solution File, Format Version 12.00
# Visual Studio Version 17
VisualStudioVersion = 17.4.33103.184
MinimumVisualStudioVersion = 10.0.40219.1
Project("{FAE04EC0-301F-11D3-BF4B-00C04F79EFBC}") = "uri1020", "uri1020\uri1020.csproj", "{553C3BC5-38B0-4198-A396-6C515B662302}"
EndProject
Global
	GlobalSection(SolutionConfigurationPlatforms) = preSolution
		Debug|Any CPU = Debug|Any CPU
		Release|Any CPU = Release|Any CPU
	EndGlobalSection
	GlobalSection(ProjectConfigurationPlatforms) = postSolution
		{553C3BC5-38B0-4198-A396-6C515B662302}.Debug|Any CPU.ActiveCfg = Debug|Any CPU
		{553C3BC5-38B0-4198-A396-6C515B662302}.Debug|Any CPU.Build.0 = Debug|Any CPU
		{553C3BC5-38B0-4198-A396-6C515B662302}.Release|Any CPU.ActiveCfg = Release|Any CPU
		{553C3BC5-38B0-4198-A396-6C515B662302}.Release|Any CPU.Build.0 = Release|Any CPU
	EndGlobalSection
	GlobalSection(SolutionProperties) = preSolution
		HideSolutionNode = FALSE
	EndGlobalSection
	GlobalSection(ExtensibilityGlobals) = postSolution
		SolutionGuid = {E299C7AF-A752-49D8-8B1A-053F8E2D154D}
	EndGlobalSection
EndGlobal
